// !$*UTF8*$!
{
	archiveVersion = 1;
	classes = {
	};
	objectVersion = 56;
	objects = {

/* Begin PBXBuildFile section */
		AC48DFDC2A4456CA0048BEF1 /* AppDelegate.swift in Sources */ = {isa = PBXBuildFile; fileRef = AC48DFDB2A4456CA0048BEF1 /* AppDelegate.swift */; };
		AC48DFDE2A4456CA0048BEF1 /* SceneDelegate.swift in Sources */ = {isa = PBXBuildFile; fileRef = AC48DFDD2A4456CA0048BEF1 /* SceneDelegate.swift */; };
		AC48DFE02A4456CA0048BEF1 /* ViewController.swift in Sources */ = {isa = PBXBuildFile; fileRef = AC48DFDF2A4456CA0048BEF1 /* ViewController.swift */; };
		AC48DFE32A4456CA0048BEF1 /* Main.storyboard in Resources */ = {isa = PBXBuildFile; fileRef = AC48DFE12A4456CA0048BEF1 /* Main.storyboard */; };
		AC48DFE52A4456CC0048BEF1 /* Assets.xcassets in Resources */ = {isa = PBXBuildFile; fileRef = AC48DFE42A4456CC0048BEF1 /* Assets.xcassets */; };
		AC48DFE82A4456CC0048BEF1 /* LaunchScreen.storyboard in Resources */ = {isa = PBXBuildFile; fileRef = AC48DFE62A4456CC0048BEF1 /* LaunchScreen.storyboard */; };
		AC48DFF42A445A920048BEF1 /* MovieViewCell.swift in Sources */ = {isa = PBXBuildFile; fileRef = AC48DFF22A445A920048BEF1 /* MovieViewCell.swift */; };
		AC48DFF72A4461190048BEF1 /* Movie.swift in Sources */ = {isa = PBXBuildFile; fileRef = AC48DFF62A4461190048BEF1 /* Movie.swift */; };
		AC48DFF92A4465DF0048BEF1 /* MoviesViewModel.swift in Sources */ = {isa = PBXBuildFile; fileRef = AC48DFF82A4465DF0048BEF1 /* MoviesViewModel.swift */; };
		AC48DFFB2A4480A80048BEF1 /* DetailViewController.swift in Sources */ = {isa = PBXBuildFile; fileRef = AC48DFFA2A4480A80048BEF1 /* DetailViewController.swift */; };
		AC48DFFF2A4491D80048BEF1 /* PersistenceManager.swift in Sources */ = {isa = PBXBuildFile; fileRef = AC48DFFE2A4491D80048BEF1 /* PersistenceManager.swift */; };
/* End PBXBuildFile section */

/* Begin PBXFileReference section */
		AC48DFD82A4456CA0048BEF1 /* Movie List.app */ = {isa = PBXFileReference; explicitFileType = wrapper.application; includeInIndex = 0; path = "Movie List.app"; sourceTree = BUILT_PRODUCTS_DIR; };
		AC48DFDB2A4456CA0048BEF1 /* AppDelegate.swift */ = {isa = PBXFileReference; lastKnownFileType = sourcecode.swift; path = AppDelegate.swift; sourceTree = "<group>"; };
		AC48DFDD2A4456CA0048BEF1 /* SceneDelegate.swift */ = {isa = PBXFileReference; lastKnownFileType = sourcecode.swift; path = SceneDelegate.swift; sourceTree = "<group>"; };
		AC48DFDF2A4456CA0048BEF1 /* ViewController.swift */ = {isa = PBXFileReference; lastKnownFileType = sourcecode.swift; path = ViewController.swift; sourceTree = "<group>"; };
		AC48DFE22A4456CA0048BEF1 /* Base */ = {isa = PBXFileReference; lastKnownFileType = file.storyboard; name = Base; path = Base.lproj/Main.storyboard; sourceTree = "<group>"; };
		AC48DFE42A4456CC0048BEF1 /* Assets.xcassets */ = {isa = PBXFileReference; lastKnownFileType = folder.assetcatalog; path = Assets.xcassets; sourceTree = "<group>"; };
		AC48DFE72A4456CC0048BEF1 /* Base */ = {isa = PBXFileReference; lastKnownFileType = file.storyboard; name = Base; path = Base.lproj/LaunchScreen.storyboard; sourceTree = "<group>"; };
		AC48DFE92A4456CC0048BEF1 /* Info.plist */ = {isa = PBXFileReference; lastKnownFileType = text.plist.xml; path = Info.plist; sourceTree = "<group>"; };
		AC48DFF22A445A920048BEF1 /* MovieViewCell.swift */ = {isa = PBXFileReference; lastKnownFileType = sourcecode.swift; path = MovieViewCell.swift; sourceTree = "<group>"; };
		AC48DFF62A4461190048BEF1 /* Movie.swift */ = {isa = PBXFileReference; lastKnownFileType = sourcecode.swift; path = Movie.swift; sourceTree = "<group>"; };
		AC48DFF82A4465DF0048BEF1 /* MoviesViewModel.swift */ = {isa = PBXFileReference; lastKnownFileType = sourcecode.swift; path = MoviesViewModel.swift; sourceTree = "<group>"; };
		AC48DFFA2A4480A80048BEF1 /* DetailViewController.swift */ = {isa = PBXFileReference; lastKnownFileType = sourcecode.swift; path = DetailViewController.swift; sourceTree = "<group>"; };
		AC48DFFE2A4491D80048BEF1 /* PersistenceManager.swift */ = {isa = PBXFileReference; lastKnownFileType = sourcecode.swift; path = PersistenceManager.swift; sourceTree = "<group>"; };
/* End PBXFileReference section */

/* Begin PBXFrameworksBuildPhase section */
		AC48DFD52A4456CA0048BEF1 /* Frameworks */ = {
			isa = PBXFrameworksBuildPhase;
			buildActionMask = 2147483647;
			files = (
			);
			runOnlyForDeploymentPostprocessing = 0;
		};
/* End PBXFrameworksBuildPhase section */

/* Begin PBXGroup section */
		AC48DFCF2A4456CA0048BEF1 = {
			isa = PBXGroup;
			children = (
				AC48DFDA2A4456CA0048BEF1 /* Movie List */,
				AC48DFD92A4456CA0048BEF1 /* Products */,
			);
			sourceTree = "<group>";
		};
		AC48DFD92A4456CA0048BEF1 /* Products */ = {
			isa = PBXGroup;
			children = (
				AC48DFD82A4456CA0048BEF1 /* Movie List.app */,
			);
			name = Products;
			sourceTree = "<group>";
		};
		AC48DFDA2A4456CA0048BEF1 /* Movie List */ = {
			isa = PBXGroup;
			children = (
				AC48DFFD2A448FD30048BEF1 /* Manager */,
				AC48DFDB2A4456CA0048BEF1 /* AppDelegate.swift */,
				AC48DFDD2A4456CA0048BEF1 /* SceneDelegate.swift */,
				AC48DFFC2A448FC60048BEF1 /* ViewModel */,
				AC48DFEF2A4456DC0048BEF1 /* Model */,
				AC48DFF12A4456EB0048BEF1 /* Controller */,
				AC48DFF02A4456E40048BEF1 /* View */,
				AC48DFE42A4456CC0048BEF1 /* Assets.xcassets */,
				AC48DFE62A4456CC0048BEF1 /* LaunchScreen.storyboard */,
				AC48DFE92A4456CC0048BEF1 /* Info.plist */,
			);
			path = "Movie List";
			sourceTree = "<group>";
		};
		AC48DFEF2A4456DC0048BEF1 /* Model */ = {
			isa = PBXGroup;
			children = (
				AC48DFF62A4461190048BEF1 /* Movie.swift */,
			);
			path = Model;
			sourceTree = "<group>";
		};
		AC48DFF02A4456E40048BEF1 /* View */ = {
			isa = PBXGroup;
			children = (
				AC48DFE12A4456CA0048BEF1 /* Main.storyboard */,
				AC48DFF22A445A920048BEF1 /* MovieViewCell.swift */,
			);
			path = View;
			sourceTree = "<group>";
		};
		AC48DFF12A4456EB0048BEF1 /* Controller */ = {
			isa = PBXGroup;
			children = (
				AC48DFDF2A4456CA0048BEF1 /* ViewController.swift */,
				AC48DFFA2A4480A80048BEF1 /* DetailViewController.swift */,
			);
			path = Controller;
			sourceTree = "<group>";
		};
		AC48DFFC2A448FC60048BEF1 /* ViewModel */ = {
			isa = PBXGroup;
			children = (
				AC48DFF82A4465DF0048BEF1 /* MoviesViewModel.swift */,
			);
			path = ViewModel;
			sourceTree = "<group>";
		};
		AC48DFFD2A448FD30048BEF1 /* Manager */ = {
			isa = PBXGroup;
			children = (
				AC48DFFE2A4491D80048BEF1 /* PersistenceManager.swift */,
			);
			path = Manager;
			sourceTree = "<group>";
		};
/* End PBXGroup section */

/* Begin PBXNativeTarget section */
		AC48DFD72A4456CA0048BEF1 /* Movie List */ = {
			isa = PBXNativeTarget;
			buildConfigurationList = AC48DFEC2A4456CC0048BEF1 /* Build configuration list for PBXNativeTarget "Movie List" */;
			buildPhases = (
				AC48DFD42A4456CA0048BEF1 /* Sources */,
				AC48DFD52A4456CA0048BEF1 /* Frameworks */,
				AC48DFD62A4456CA0048BEF1 /* Resources */,
			);
			buildRules = (
			);
			dependencies = (
			);
			name = "Movie List";
			productName = "Movie List";
			productReference = AC48DFD82A4456CA0048BEF1 /* Movie List.app */;
			productType = "com.apple.product-type.application";
		};
/* End PBXNativeTarget section */

/* Begin PBXProject section */
		AC48DFD02A4456CA0048BEF1 /* Project object */ = {
			isa = PBXProject;
			attributes = {
				BuildIndependentTargetsInParallel = 1;
				LastSwiftUpdateCheck = 1420;
				LastUpgradeCheck = 1420;
				TargetAttributes = {
					AC48DFD72A4456CA0048BEF1 = {
						CreatedOnToolsVersion = 14.2;
					};
				};
			};
			buildConfigurationList = AC48DFD32A4456CA0048BEF1 /* Build configuration list for PBXProject "Movie List" */;
			compatibilityVersion = "Xcode 14.0";
			developmentRegion = en;
			hasScannedForEncodings = 0;
			knownRegions = (
				en,
				Base,
			);
			mainGroup = AC48DFCF2A4456CA0048BEF1;
			productRefGroup = AC48DFD92A4456CA0048BEF1 /* Products */;
			projectDirPath = "";
			projectRoot = "";
			targets = (
				AC48DFD72A4456CA0048BEF1 /* Movie List */,
			);
		};
/* End PBXProject section */

/* Begin PBXResourcesBuildPhase section */
		AC48DFD62A4456CA0048BEF1 /* Resources */ = {
			isa = PBXResourcesBuildPhase;
			buildActionMask = 2147483647;
			files = (
				AC48DFE82A4456CC0048BEF1 /* LaunchScreen.storyboard in Resources */,
				AC48DFE52A4456CC0048BEF1 /* Assets.xcassets in Resources */,
				AC48DFE32A4456CA0048BEF1 /* Main.storyboard in Resources */,
			);
			runOnlyForDeploymentPostprocessing = 0;
		};
/* End PBXResourcesBuildPhase section */

/* Begin PBXSourcesBuildPhase section */
		AC48DFD42A4456CA0048BEF1 /* Sources */ = {
			isa = PBXSourcesBuildPhase;
			buildActionMask = 2147483647;
			files = (
				AC48DFE02A4456CA0048BEF1 /* ViewController.swift in Sources */,
				AC48DFF92A4465DF0048BEF1 /* MoviesViewModel.swift in Sources */,
				AC48DFF42A445A920048BEF1 /* MovieViewCell.swift in Sources */,
				AC48DFFF2A4491D80048BEF1 /* PersistenceManager.swift in Sources */,
				AC48DFDC2A4456CA0048BEF1 /* AppDelegate.swift in Sources */,
				AC48DFDE2A4456CA0048BEF1 /* SceneDelegate.swift in Sources */,
				AC48DFF72A4461190048BEF1 /* Movie.swift in Sources */,
				AC48DFFB2A4480A80048BEF1 /* DetailViewController.swift in Sources */,
			);
			runOnlyForDeploymentPostprocessing = 0;
		};
/* End PBXSourcesBuildPhase section */

/* Begin PBXVariantGroup section */
		AC48DFE12A4456CA0048BEF1 /* Main.storyboard */ = {
			isa = PBXVariantGroup;
			children = (
				AC48DFE22A4456CA0048BEF1 /* Base */,
			);
			name = Main.storyboard;
			sourceTree = "<group>";
		};
		AC48DFE62A4456CC0048BEF1 /* LaunchScreen.storyboard */ = {
			isa = PBXVariantGroup;
			children = (
				AC48DFE72A4456CC0048BEF1 /* Base */,
			);
			name = LaunchScreen.storyboard;
			sourceTree = "<group>";
		};
/* End PBXVariantGroup section */

/* Begin XCBuildConfiguration section */
		AC48DFEA2A4456CC0048BEF1 /* Debug */ = {
			isa = XCBuildConfiguration;
			buildSettings = {
				ALWAYS_SEARCH_USER_PATHS = NO;
				CLANG_ANALYZER_NONNULL = YES;
				CLANG_ANALYZER_NUMBER_OBJECT_CONVERSION = YES_AGGRESSIVE;
				CLANG_CXX_LANGUAGE_STANDARD = "gnu++20";
				CLANG_ENABLE_MODULES = YES;
				CLANG_ENABLE_OBJC_ARC = YES;
				CLANG_ENABLE_OBJC_WEAK = YES;
				CLANG_WARN_BLOCK_CAPTURE_AUTORELEASING = YES;
				CLANG_WARN_BOOL_CONVERSION = YES;
				CLANG_WARN_COMMA = YES;
				CLANG_WARN_CONSTANT_CONVERSION = YES;
				CLANG_WARN_DEPRECATED_OBJC_IMPLEMENTATIONS = YES;
				CLANG_WARN_DIRECT_OBJC_ISA_USAGE = YES_ERROR;
				CLANG_WARN_DOCUMENTATION_COMMENTS = YES;
				CLANG_WARN_EMPTY_BODY = YES;
				CLANG_WARN_ENUM_CONVERSION = YES;
				CLANG_WARN_INFINITE_RECURSION = YES;
				CLANG_WARN_INT_CONVERSION = YES;
				CLANG_WARN_NON_LITERAL_NULL_CONVERSION = YES;
				CLANG_WARN_OBJC_IMPLICIT_RETAIN_SELF = YES;
				CLANG_WARN_OBJC_LITERAL_CONVERSION = YES;
				CLANG_WARN_OBJC_ROOT_CLASS = YES_ERROR;
				CLANG_WARN_QUOTED_INCLUDE_IN_FRAMEWORK_HEADER = YES;
				CLANG_WARN_RANGE_LOOP_ANALYSIS = YES;
				CLANG_WARN_STRICT_PROTOTYPES = YES;
				CLANG_WARN_SUSPICIOUS_MOVE = YES;
				CLANG_WARN_UNGUARDED_AVAILABILITY = YES_AGGRESSIVE;
				CLANG_WARN_UNREACHABLE_CODE = YES;
				CLANG_WARN__DUPLICATE_METHOD_MATCH = YES;
				COPY_PHASE_STRIP = NO;
				DEBUG_INFORMATION_FORMAT = dwarf;
				ENABLE_STRICT_OBJC_MSGSEND = YES;
				ENABLE_TESTABILITY = YES;
				GCC_C_LANGUAGE_STANDARD = gnu11;
				GCC_DYNAMIC_NO_PIC = NO;
				GCC_NO_COMMON_BLOCKS = YES;
				GCC_OPTIMIZATION_LEVEL = 0;
				GCC_PREPROCESSOR_DEFINITIONS = (
					"DEBUG=1",
					"$(inherited)",
				);
				GCC_WARN_64_TO_32_BIT_CONVERSION = YES;
				GCC_WARN_ABOUT_RETURN_TYPE = YES_ERROR;
				GCC_WARN_UNDECLARED_SELECTOR = YES;
				GCC_WARN_UNINITIALIZED_AUTOS = YES_AGGRESSIVE;
				GCC_WARN_UNUSED_FUNCTION = YES;
				GCC_WARN_UNUSED_VARIABLE = YES;
				IPHONEOS_DEPLOYMENT_TARGET = 16.2;
				MTL_ENABLE_DEBUG_INFO = INCLUDE_SOURCE;
				MTL_FAST_MATH = YES;
				ONLY_ACTIVE_ARCH = YES;
				SDKROOT = iphoneos;
				SWIFT_ACTIVE_COMPILATION_CONDITIONS = DEBUG;
				SWIFT_OPTIMIZATION_LEVEL = "-Onone";
			};
			name = Debug;
		};
		AC48DFEB2A4456CC0048BEF1 /* Release */ = {
			isa = XCBuildConfiguration;
			buildSettings = {
				ALWAYS_SEARCH_USER_PATHS = NO;
				CLANG_ANALYZER_NONNULL = YES;
				CLANG_ANALYZER_NUMBER_OBJECT_CONVERSION = YES_AGGRESSIVE;
				CLANG_CXX_LANGUAGE_STANDARD = "gnu++20";
				CLANG_ENABLE_MODULES = YES;
				CLANG_ENABLE_OBJC_ARC = YES;
				CLANG_ENABLE_OBJC_WEAK = YES;
				CLANG_WARN_BLOCK_CAPTURE_AUTORELEASING = YES;
				CLANG_WARN_BOOL_CONVERSION = YES;
				CLANG_WARN_COMMA = YES;
				CLANG_WARN_CONSTANT_CONVERSION = YES;
				CLANG_WARN_DEPRECATED_OBJC_IMPLEMENTATIONS = YES;
				CLANG_WARN_DIRECT_OBJC_ISA_USAGE = YES_ERROR;
				CLANG_WARN_DOCUMENTATION_COMMENTS = YES;
				CLANG_WARN_EMPTY_BODY = YES;
				CLANG_WARN_ENUM_CONVERSION = YES;
				CLANG_WARN_INFINITE_RECURSION = YES;
				CLANG_WARN_INT_CONVERSION = YES;
				CLANG_WARN_NON_LITERAL_NULL_CONVERSION = YES;
				CLANG_WARN_OBJC_IMPLICIT_RETAIN_SELF = YES;
				CLANG_WARN_OBJC_LITERAL_CONVERSION = YES;
				CLANG_WARN_OBJC_ROOT_CLASS = YES_ERROR;
				CLANG_WARN_QUOTED_INCLUDE_IN_FRAMEWORK_HEADER = YES;
				CLANG_WARN_RANGE_LOOP_ANALYSIS = YES;
				CLANG_WARN_STRICT_PROTOTYPES = YES;
				CLANG_WARN_SUSPICIOUS_MOVE = YES;
				CLANG_WARN_UNGUARDED_AVAILABILITY = YES_AGGRESSIVE;
				CLANG_WARN_UNREACHABLE_CODE = YES;
				CLANG_WARN__DUPLICATE_METHOD_MATCH = YES;
				COPY_PHASE_STRIP = NO;
				DEBUG_INFORMATION_FORMAT = "dwarf-with-dsym";
				ENABLE_NS_ASSERTIONS = NO;
				ENABLE_STRICT_OBJC_MSGSEND = YES;
				GCC_C_LANGUAGE_STANDARD = gnu11;
				GCC_NO_COMMON_BLOCKS = YES;
				GCC_WARN_64_TO_32_BIT_CONVERSION = YES;
				GCC_WARN_ABOUT_RETURN_TYPE = YES_ERROR;
				GCC_WARN_UNDECLARED_SELECTOR = YES;
				GCC_WARN_UNINITIALIZED_AUTOS = YES_AGGRESSIVE;
				GCC_WARN_UNUSED_FUNCTION = YES;
				GCC_WARN_UNUSED_VARIABLE = YES;
				IPHONEOS_DEPLOYMENT_TARGET = 16.2;
				MTL_ENABLE_DEBUG_INFO = NO;
				MTL_FAST_MATH = YES;
				SDKROOT = iphoneos;
				SWIFT_COMPILATION_MODE = wholemodule;
				SWIFT_OPTIMIZATION_LEVEL = "-O";
				VALIDATE_PRODUCT = YES;
			};
			name = Release;
		};
		AC48DFED2A4456CC0048BEF1 /* Debug */ = {
			isa = XCBuildConfiguration;
			buildSettings = {
				ASSETCATALOG_COMPILER_APPICON_NAME = AppIcon;
				ASSETCATALOG_COMPILER_GLOBAL_ACCENT_COLOR_NAME = AccentColor;
				CODE_SIGN_STYLE = Automatic;
				CURRENT_PROJECT_VERSION = 1;
				DEVELOPMENT_TEAM = 9G8CQGYDJ7;
				GENERATE_INFOPLIST_FILE = YES;
				INFOPLIST_FILE = "Movie List/Info.plist";
				INFOPLIST_KEY_UIApplicationSupportsIndirectInputEvents = YES;
				INFOPLIST_KEY_UILaunchStoryboardName = LaunchScreen;
				INFOPLIST_KEY_UIMainStoryboardFile = Main;
				INFOPLIST_KEY_UISupportedInterfaceOrientations_iPad = "UIInterfaceOrientationPortrait UIInterfaceOrientationPortraitUpsideDown UIInterfaceOrientationLandscapeLeft UIInterfaceOrientationLandscapeRight";
				INFOPLIST_KEY_UISupportedInterfaceOrientations_iPhone = "UIInterfaceOrientationPortrait UIInterfaceOrientationLandscapeLeft UIInterfaceOrientationLandscapeRight";
				LD_RUNPATH_SEARCH_PATHS = (
					"$(inherited)",
					"@executable_path/Frameworks",
				);
				MARKETING_VERSION = 1.0;
				PRODUCT_BUNDLE_IDENTIFIER = "franz.app.Movie-List";
				PRODUCT_NAME = "$(TARGET_NAME)";
				SWIFT_EMIT_LOC_STRINGS = YES;
				SWIFT_VERSION = 5.0;
				TARGETED_DEVICE_FAMILY = "1,2";
			};
			name = Debug;
		};
		AC48DFEE2A4456CC0048BEF1 /* Release */ = {
			isa = XCBuildConfiguration;
			buildSettings = {
				ASSETCATALOG_COMPILER_APPICON_NAME = AppIcon;
				ASSETCATALOG_COMPILER_GLOBAL_ACCENT_COLOR_NAME = AccentColor;
				CODE_SIGN_STYLE = Automatic;
				CURRENT_PROJECT_VERSION = 1;
				DEVELOPMENT_TEAM = 9G8CQGYDJ7;
				GENERATE_INFOPLIST_FILE = YES;
				INFOPLIST_FILE = "Movie List/Info.plist";
				INFOPLIST_KEY_UIApplicationSupportsIndirectInputEvents = YES;
				INFOPLIST_KEY_UILaunchStoryboardName = LaunchScreen;
				INFOPLIST_KEY_UIMainStoryboardFile = Main;
				INFOPLIST_KEY_UISupportedInterfaceOrientations_iPad = "UIInterfaceOrientationPortrait UIInterfaceOrientationPortraitUpsideDown UIInterfaceOrientationLandscapeLeft UIInterfaceOrientationLandscapeRight";
				INFOPLIST_KEY_UISupportedInterfaceOrientations_iPhone = "UIInterfaceOrientationPortrait UIInterfaceOrientationLandscapeLeft UIInterfaceOrientationLandscapeRight";
				LD_RUNPATH_SEARCH_PATHS = (
					"$(inherited)",
					"@executable_path/Frameworks",
				);
				MARKETING_VERSION = 1.0;
				PRODUCT_BUNDLE_IDENTIFIER = "franz.app.Movie-List";
				PRODUCT_NAME = "$(TARGET_NAME)";
				SWIFT_EMIT_LOC_STRINGS = YES;
				SWIFT_VERSION = 5.0;
				TARGETED_DEVICE_FAMILY = "1,2";
			};
			name = Release;
		};
/* End XCBuildConfiguration section */

/* Begin XCConfigurationList section */
		AC48DFD32A4456CA0048BEF1 /* Build configuration list for PBXProject "Movie List" */ = {
			isa = XCConfigurationList;
			buildConfigurations = (
				AC48DFEA2A4456CC0048BEF1 /* Debug */,
				AC48DFEB2A4456CC0048BEF1 /* Release */,
			);
			defaultConfigurationIsVisible = 0;
			defaultConfigurationName = Release;
		};
		AC48DFEC2A4456CC0048BEF1 /* Build configuration list for PBXNativeTarget "Movie List" */ = {
			isa = XCConfigurationList;
			buildConfigurations = (
				AC48DFED2A4456CC0048BEF1 /* Debug */,
				AC48DFEE2A4456CC0048BEF1 /* Release */,
			);
			defaultConfigurationIsVisible = 0;
			defaultConfigurationName = Release;
		};
/* End XCConfigurationList section */
	};
	rootObject = AC48DFD02A4456CA0048BEF1 /* Project object */;
}
